// !$*UTF8*$!
{
	archiveVersion = 1;
	classes = {
	};
	objectVersion = 56;
	objects = {

/* Begin PBXBuildFile section */
		6B0C8FF928DC7B44005F4EFF /* AppDelegate.swift in Sources */ = {isa = PBXBuildFile; fileRef = 6B0C8FF828DC7B44005F4EFF /* AppDelegate.swift */; };
		6B0C8FFB28DC7B44005F4EFF /* SceneDelegate.swift in Sources */ = {isa = PBXBuildFile; fileRef = 6B0C8FFA28DC7B44005F4EFF /* SceneDelegate.swift */; };
		6B0C8FFD28DC7B44005F4EFF /* MainBLEController.swift in Sources */ = {isa = PBXBuildFile; fileRef = 6B0C8FFC28DC7B44005F4EFF /* MainBLEController.swift */; };
		6B0C900228DC7B48005F4EFF /* Assets.xcassets in Resources */ = {isa = PBXBuildFile; fileRef = 6B0C900128DC7B48005F4EFF /* Assets.xcassets */; };
		6B0C900528DC7B48005F4EFF /* LaunchScreen.storyboard in Resources */ = {isa = PBXBuildFile; fileRef = 6B0C900328DC7B48005F4EFF /* LaunchScreen.storyboard */; };
		6B0C901228DC7FA0005F4EFF /* UITableView+Extensions.swift in Sources */ = {isa = PBXBuildFile; fileRef = 6B0C900F28DC7F9F005F4EFF /* UITableView+Extensions.swift */; };
		6B0C901328DC7FA0005F4EFF /* UIViewController+Extensions.swift in Sources */ = {isa = PBXBuildFile; fileRef = 6B0C901028DC7FA0005F4EFF /* UIViewController+Extensions.swift */; };
		6B0C901428DC7FA0005F4EFF /* UICollectionView+Extension.swift in Sources */ = {isa = PBXBuildFile; fileRef = 6B0C901128DC7FA0005F4EFF /* UICollectionView+Extension.swift */; };
		6B0C901728DC817B005F4EFF /* MainBLEController.xib in Resources */ = {isa = PBXBuildFile; fileRef = 6B0C901628DC817B005F4EFF /* MainBLEController.xib */; };
		6B3CF4CD28DDDBD400C5895E /* VTMProductLib.framework in Frameworks */ = {isa = PBXBuildFile; fileRef = 6B3CF4CC28DDDBD400C5895E /* VTMProductLib.framework */; };
		6B3CF4D328DDDD2B00C5895E /* VTMProductUtilities.swift in Sources */ = {isa = PBXBuildFile; fileRef = 6B3CF4D228DDDD2B00C5895E /* VTMProductUtilities.swift */; };
/* End PBXBuildFile section */

/* Begin PBXFileReference section */
		6B0C8FF528DC7B44005F4EFF /* NotifyCharacteristicsBLEChange.app */ = {isa = PBXFileReference; explicitFileType = wrapper.application; includeInIndex = 0; path = NotifyCharacteristicsBLEChange.app; sourceTree = BUILT_PRODUCTS_DIR; };
		6B0C8FF828DC7B44005F4EFF /* AppDelegate.swift */ = {isa = PBXFileReference; lastKnownFileType = sourcecode.swift; path = AppDelegate.swift; sourceTree = "<group>"; };
		6B0C8FFA28DC7B44005F4EFF /* SceneDelegate.swift */ = {isa = PBXFileReference; lastKnownFileType = sourcecode.swift; path = SceneDelegate.swift; sourceTree = "<group>"; };
		6B0C8FFC28DC7B44005F4EFF /* MainBLEController.swift */ = {isa = PBXFileReference; lastKnownFileType = sourcecode.swift; path = MainBLEController.swift; sourceTree = "<group>"; };
		6B0C900128DC7B48005F4EFF /* Assets.xcassets */ = {isa = PBXFileReference; lastKnownFileType = folder.assetcatalog; path = Assets.xcassets; sourceTree = "<group>"; };
		6B0C900428DC7B48005F4EFF /* Base */ = {isa = PBXFileReference; lastKnownFileType = file.storyboard; name = Base; path = Base.lproj/LaunchScreen.storyboard; sourceTree = "<group>"; };
		6B0C900628DC7B48005F4EFF /* Info.plist */ = {isa = PBXFileReference; lastKnownFileType = text.plist.xml; path = Info.plist; sourceTree = "<group>"; };
		6B0C900F28DC7F9F005F4EFF /* UITableView+Extensions.swift */ = {isa = PBXFileReference; fileEncoding = 4; lastKnownFileType = sourcecode.swift; path = "UITableView+Extensions.swift"; sourceTree = "<group>"; };
		6B0C901028DC7FA0005F4EFF /* UIViewController+Extensions.swift */ = {isa = PBXFileReference; fileEncoding = 4; lastKnownFileType = sourcecode.swift; path = "UIViewController+Extensions.swift"; sourceTree = "<group>"; };
		6B0C901128DC7FA0005F4EFF /* UICollectionView+Extension.swift */ = {isa = PBXFileReference; fileEncoding = 4; lastKnownFileType = sourcecode.swift; path = "UICollectionView+Extension.swift"; sourceTree = "<group>"; };
		6B0C901528DC80FE005F4EFF /* NotifyCharacteristicsBLEChange.entitlements */ = {isa = PBXFileReference; lastKnownFileType = text.plist.entitlements; path = NotifyCharacteristicsBLEChange.entitlements; sourceTree = "<group>"; };
		6B0C901628DC817B005F4EFF /* MainBLEController.xib */ = {isa = PBXFileReference; lastKnownFileType = file.xib; path = MainBLEController.xib; sourceTree = "<group>"; };
		6B3CF4CC28DDDBD400C5895E /* VTMProductLib.framework */ = {isa = PBXFileReference; lastKnownFileType = wrapper.framework; path = VTMProductLib.framework; sourceTree = "<group>"; };
		6B3CF4D228DDDD2B00C5895E /* VTMProductUtilities.swift */ = {isa = PBXFileReference; fileEncoding = 4; lastKnownFileType = sourcecode.swift; path = VTMProductUtilities.swift; sourceTree = "<group>"; };
/* End PBXFileReference section */

/* Begin PBXFrameworksBuildPhase section */
		6B0C8FF228DC7B44005F4EFF /* Frameworks */ = {
			isa = PBXFrameworksBuildPhase;
			buildActionMask = 2147483647;
			files = (
				6B3CF4CD28DDDBD400C5895E /* VTMProductLib.framework in Frameworks */,
			);
			runOnlyForDeploymentPostprocessing = 0;
		};
/* End PBXFrameworksBuildPhase section */

/* Begin PBXGroup section */
		6B0C8FEC28DC7B44005F4EFF = {
			isa = PBXGroup;
			children = (
				6B0C8FF728DC7B44005F4EFF /* NotifyCharacteristicsBLEChange */,
				6B3CF4D128DDDD2B00C5895E /* VTMProductUtilities */,
				6B0C8FF628DC7B44005F4EFF /* Products */,
				6B3CF4C728DDD9DA00C5895E /* Frameworks */,
			);
			sourceTree = "<group>";
		};
		6B0C8FF628DC7B44005F4EFF /* Products */ = {
			isa = PBXGroup;
			children = (
				6B0C8FF528DC7B44005F4EFF /* NotifyCharacteristicsBLEChange.app */,
			);
			name = Products;
			sourceTree = "<group>";
		};
		6B0C8FF728DC7B44005F4EFF /* NotifyCharacteristicsBLEChange */ = {
			isa = PBXGroup;
			children = (
				6B0C901528DC80FE005F4EFF /* NotifyCharacteristicsBLEChange.entitlements */,
				6B0C900C28DC7B7B005F4EFF /* Scenes */,
				6B0C900E28DC7DD2005F4EFF /* Extensions */,
				6B0C900D28DC7B84005F4EFF /* Resources */,
				6B0C900328DC7B48005F4EFF /* LaunchScreen.storyboard */,
			);
			path = NotifyCharacteristicsBLEChange;
			sourceTree = "<group>";
		};
		6B0C900C28DC7B7B005F4EFF /* Scenes */ = {
			isa = PBXGroup;
			children = (
				6B0C8FFC28DC7B44005F4EFF /* MainBLEController.swift */,
				6B0C901628DC817B005F4EFF /* MainBLEController.xib */,
			);
			path = Scenes;
			sourceTree = "<group>";
		};
		6B0C900D28DC7B84005F4EFF /* Resources */ = {
			isa = PBXGroup;
			children = (
				6B0C8FF828DC7B44005F4EFF /* AppDelegate.swift */,
				6B0C8FFA28DC7B44005F4EFF /* SceneDelegate.swift */,
				6B0C900128DC7B48005F4EFF /* Assets.xcassets */,
				6B0C900628DC7B48005F4EFF /* Info.plist */,
			);
			path = Resources;
			sourceTree = "<group>";
		};
		6B0C900E28DC7DD2005F4EFF /* Extensions */ = {
			isa = PBXGroup;
			children = (
				6B0C901128DC7FA0005F4EFF /* UICollectionView+Extension.swift */,
				6B0C900F28DC7F9F005F4EFF /* UITableView+Extensions.swift */,
				6B0C901028DC7FA0005F4EFF /* UIViewController+Extensions.swift */,
			);
			path = Extensions;
			sourceTree = "<group>";
		};
		6B3CF4C728DDD9DA00C5895E /* Frameworks */ = {
			isa = PBXGroup;
			children = (
				6B3CF4CC28DDDBD400C5895E /* VTMProductLib.framework */,
			);
			name = Frameworks;
			sourceTree = "<group>";
		};
		6B3CF4D128DDDD2B00C5895E /* VTMProductUtilities */ = {
			isa = PBXGroup;
			children = (
				6B3CF4D228DDDD2B00C5895E /* VTMProductUtilities.swift */,
			);
			path = VTMProductUtilities;
			sourceTree = "<group>";
		};
/* End PBXGroup section */

/* Begin PBXNativeTarget section */
		6B0C8FF428DC7B44005F4EFF /* NotifyCharacteristicsBLEChange */ = {
			isa = PBXNativeTarget;
			buildConfigurationList = 6B0C900928DC7B48005F4EFF /* Build configuration list for PBXNativeTarget "NotifyCharacteristicsBLEChange" */;
			buildPhases = (
				6B0C8FF128DC7B44005F4EFF /* Sources */,
				6B0C8FF228DC7B44005F4EFF /* Frameworks */,
				6B0C8FF328DC7B44005F4EFF /* Resources */,
			);
			buildRules = (
			);
			dependencies = (
			);
			name = NotifyCharacteristicsBLEChange;
			productName = NotifyCharacteristicsBLEChange;
			productReference = 6B0C8FF528DC7B44005F4EFF /* NotifyCharacteristicsBLEChange.app */;
			productType = "com.apple.product-type.application";
		};
/* End PBXNativeTarget section */

/* Begin PBXProject section */
		6B0C8FED28DC7B44005F4EFF /* Project object */ = {
			isa = PBXProject;
			attributes = {
				BuildIndependentTargetsInParallel = 1;
				LastSwiftUpdateCheck = 1400;
				LastUpgradeCheck = 1400;
				TargetAttributes = {
					6B0C8FF428DC7B44005F4EFF = {
						CreatedOnToolsVersion = 14.0;
					};
				};
			};
			buildConfigurationList = 6B0C8FF028DC7B44005F4EFF /* Build configuration list for PBXProject "NotifyCharacteristicsBLEChange" */;
			compatibilityVersion = "Xcode 14.0";
			developmentRegion = en;
			hasScannedForEncodings = 0;
			knownRegions = (
				en,
				Base,
			);
			mainGroup = 6B0C8FEC28DC7B44005F4EFF;
			productRefGroup = 6B0C8FF628DC7B44005F4EFF /* Products */;
			projectDirPath = "";
			projectRoot = "";
			targets = (
				6B0C8FF428DC7B44005F4EFF /* NotifyCharacteristicsBLEChange */,
			);
		};
/* End PBXProject section */

/* Begin PBXResourcesBuildPhase section */
		6B0C8FF328DC7B44005F4EFF /* Resources */ = {
			isa = PBXResourcesBuildPhase;
			buildActionMask = 2147483647;
			files = (
				6B0C901728DC817B005F4EFF /* MainBLEController.xib in Resources */,
				6B0C900528DC7B48005F4EFF /* LaunchScreen.storyboard in Resources */,
				6B0C900228DC7B48005F4EFF /* Assets.xcassets in Resources */,
			);
			runOnlyForDeploymentPostprocessing = 0;
		};
/* End PBXResourcesBuildPhase section */

/* Begin PBXSourcesBuildPhase section */
		6B0C8FF128DC7B44005F4EFF /* Sources */ = {
			isa = PBXSourcesBuildPhase;
			buildActionMask = 2147483647;
			files = (
				6B0C901428DC7FA0005F4EFF /* UICollectionView+Extension.swift in Sources */,
				6B0C8FFD28DC7B44005F4EFF /* MainBLEController.swift in Sources */,
				6B3CF4D328DDDD2B00C5895E /* VTMProductUtilities.swift in Sources */,
				6B0C8FF928DC7B44005F4EFF /* AppDelegate.swift in Sources */,
				6B0C901328DC7FA0005F4EFF /* UIViewController+Extensions.swift in Sources */,
				6B0C8FFB28DC7B44005F4EFF /* SceneDelegate.swift in Sources */,
				6B0C901228DC7FA0005F4EFF /* UITableView+Extensions.swift in Sources */,
			);
			runOnlyForDeploymentPostprocessing = 0;
		};
/* End PBXSourcesBuildPhase section */

/* Begin PBXVariantGroup section */
		6B0C900328DC7B48005F4EFF /* LaunchScreen.storyboard */ = {
			isa = PBXVariantGroup;
			children = (
				6B0C900428DC7B48005F4EFF /* Base */,
			);
			name = LaunchScreen.storyboard;
			sourceTree = "<group>";
		};
/* End PBXVariantGroup section */

/* Begin XCBuildConfiguration section */
		6B0C900728DC7B48005F4EFF /* Debug */ = {
			isa = XCBuildConfiguration;
			buildSettings = {
				ALWAYS_SEARCH_USER_PATHS = NO;
				CLANG_ANALYZER_NONNULL = YES;
				CLANG_ANALYZER_NUMBER_OBJECT_CONVERSION = YES_AGGRESSIVE;
				CLANG_CXX_LANGUAGE_STANDARD = "gnu++20";
				CLANG_ENABLE_MODULES = YES;
				CLANG_ENABLE_OBJC_ARC = YES;
				CLANG_ENABLE_OBJC_WEAK = YES;
				CLANG_WARN_BLOCK_CAPTURE_AUTORELEASING = YES;
				CLANG_WARN_BOOL_CONVERSION = YES;
				CLANG_WARN_COMMA = YES;
				CLANG_WARN_CONSTANT_CONVERSION = YES;
				CLANG_WARN_DEPRECATED_OBJC_IMPLEMENTATIONS = YES;
				CLANG_WARN_DIRECT_OBJC_ISA_USAGE = YES_ERROR;
				CLANG_WARN_DOCUMENTATION_COMMENTS = YES;
				CLANG_WARN_EMPTY_BODY = YES;
				CLANG_WARN_ENUM_CONVERSION = YES;
				CLANG_WARN_INFINITE_RECURSION = YES;
				CLANG_WARN_INT_CONVERSION = YES;
				CLANG_WARN_NON_LITERAL_NULL_CONVERSION = YES;
				CLANG_WARN_OBJC_IMPLICIT_RETAIN_SELF = YES;
				CLANG_WARN_OBJC_LITERAL_CONVERSION = YES;
				CLANG_WARN_OBJC_ROOT_CLASS = YES_ERROR;
				CLANG_WARN_QUOTED_INCLUDE_IN_FRAMEWORK_HEADER = YES;
				CLANG_WARN_RANGE_LOOP_ANALYSIS = YES;
				CLANG_WARN_STRICT_PROTOTYPES = YES;
				CLANG_WARN_SUSPICIOUS_MOVE = YES;
				CLANG_WARN_UNGUARDED_AVAILABILITY = YES_AGGRESSIVE;
				CLANG_WARN_UNREACHABLE_CODE = YES;
				CLANG_WARN__DUPLICATE_METHOD_MATCH = YES;
				COPY_PHASE_STRIP = NO;
				DEBUG_INFORMATION_FORMAT = dwarf;
				ENABLE_STRICT_OBJC_MSGSEND = YES;
				ENABLE_TESTABILITY = YES;
				GCC_C_LANGUAGE_STANDARD = gnu11;
				GCC_DYNAMIC_NO_PIC = NO;
				GCC_NO_COMMON_BLOCKS = YES;
				GCC_OPTIMIZATION_LEVEL = 0;
				GCC_PREPROCESSOR_DEFINITIONS = (
					"DEBUG=1",
					"$(inherited)",
				);
				GCC_WARN_64_TO_32_BIT_CONVERSION = YES;
				GCC_WARN_ABOUT_RETURN_TYPE = YES_ERROR;
				GCC_WARN_UNDECLARED_SELECTOR = YES;
				GCC_WARN_UNINITIALIZED_AUTOS = YES_AGGRESSIVE;
				GCC_WARN_UNUSED_FUNCTION = YES;
				GCC_WARN_UNUSED_VARIABLE = YES;
				IPHONEOS_DEPLOYMENT_TARGET = 15.0;
				MTL_ENABLE_DEBUG_INFO = INCLUDE_SOURCE;
				MTL_FAST_MATH = YES;
				ONLY_ACTIVE_ARCH = YES;
				SDKROOT = iphoneos;
				SWIFT_ACTIVE_COMPILATION_CONDITIONS = DEBUG;
				SWIFT_OPTIMIZATION_LEVEL = "-Onone";
			};
			name = Debug;
		};
		6B0C900828DC7B48005F4EFF /* Release */ = {
			isa = XCBuildConfiguration;
			buildSettings = {
				ALWAYS_SEARCH_USER_PATHS = NO;
				CLANG_ANALYZER_NONNULL = YES;
				CLANG_ANALYZER_NUMBER_OBJECT_CONVERSION = YES_AGGRESSIVE;
				CLANG_CXX_LANGUAGE_STANDARD = "gnu++20";
				CLANG_ENABLE_MODULES = YES;
				CLANG_ENABLE_OBJC_ARC = YES;
				CLANG_ENABLE_OBJC_WEAK = YES;
				CLANG_WARN_BLOCK_CAPTURE_AUTORELEASING = YES;
				CLANG_WARN_BOOL_CONVERSION = YES;
				CLANG_WARN_COMMA = YES;
				CLANG_WARN_CONSTANT_CONVERSION = YES;
				CLANG_WARN_DEPRECATED_OBJC_IMPLEMENTATIONS = YES;
				CLANG_WARN_DIRECT_OBJC_ISA_USAGE = YES_ERROR;
				CLANG_WARN_DOCUMENTATION_COMMENTS = YES;
				CLANG_WARN_EMPTY_BODY = YES;
				CLANG_WARN_ENUM_CONVERSION = YES;
				CLANG_WARN_INFINITE_RECURSION = YES;
				CLANG_WARN_INT_CONVERSION = YES;
				CLANG_WARN_NON_LITERAL_NULL_CONVERSION = YES;
				CLANG_WARN_OBJC_IMPLICIT_RETAIN_SELF = YES;
				CLANG_WARN_OBJC_LITERAL_CONVERSION = YES;
				CLANG_WARN_OBJC_ROOT_CLASS = YES_ERROR;
				CLANG_WARN_QUOTED_INCLUDE_IN_FRAMEWORK_HEADER = YES;
				CLANG_WARN_RANGE_LOOP_ANALYSIS = YES;
				CLANG_WARN_STRICT_PROTOTYPES = YES;
				CLANG_WARN_SUSPICIOUS_MOVE = YES;
				CLANG_WARN_UNGUARDED_AVAILABILITY = YES_AGGRESSIVE;
				CLANG_WARN_UNREACHABLE_CODE = YES;
				CLANG_WARN__DUPLICATE_METHOD_MATCH = YES;
				COPY_PHASE_STRIP = NO;
				DEBUG_INFORMATION_FORMAT = "dwarf-with-dsym";
				ENABLE_NS_ASSERTIONS = NO;
				ENABLE_STRICT_OBJC_MSGSEND = YES;
				GCC_C_LANGUAGE_STANDARD = gnu11;
				GCC_NO_COMMON_BLOCKS = YES;
				GCC_WARN_64_TO_32_BIT_CONVERSION = YES;
				GCC_WARN_ABOUT_RETURN_TYPE = YES_ERROR;
				GCC_WARN_UNDECLARED_SELECTOR = YES;
				GCC_WARN_UNINITIALIZED_AUTOS = YES_AGGRESSIVE;
				GCC_WARN_UNUSED_FUNCTION = YES;
				GCC_WARN_UNUSED_VARIABLE = YES;
				IPHONEOS_DEPLOYMENT_TARGET = 15.0;
				MTL_ENABLE_DEBUG_INFO = NO;
				MTL_FAST_MATH = YES;
				SDKROOT = iphoneos;
				SWIFT_COMPILATION_MODE = wholemodule;
				SWIFT_OPTIMIZATION_LEVEL = "-O";
				VALIDATE_PRODUCT = YES;
			};
			name = Release;
		};
		6B0C900A28DC7B48005F4EFF /* Debug */ = {
			isa = XCBuildConfiguration;
			buildSettings = {
				ASSETCATALOG_COMPILER_APPICON_NAME = AppIcon;
				ASSETCATALOG_COMPILER_GLOBAL_ACCENT_COLOR_NAME = AccentColor;
				CODE_SIGN_ENTITLEMENTS = NotifyCharacteristicsBLEChange/NotifyCharacteristicsBLEChange.entitlements;
				CODE_SIGN_STYLE = Automatic;
				CURRENT_PROJECT_VERSION = 1;
				DEVELOPMENT_TEAM = ZG6975UKG7;
				FRAMEWORK_SEARCH_PATHS = (
					"$(inherited)",
					"$(PROJECT_DIR)",
				);
				GENERATE_INFOPLIST_FILE = YES;
				INFOPLIST_FILE = NotifyCharacteristicsBLEChange/Resources/Info.plist;
				INFOPLIST_KEY_UIApplicationSupportsIndirectInputEvents = YES;
				INFOPLIST_KEY_UILaunchStoryboardName = LaunchScreen.storyboard;
				INFOPLIST_KEY_UISupportedInterfaceOrientations = UIInterfaceOrientationPortrait;
				IPHONEOS_DEPLOYMENT_TARGET = 15.0;
				LD_RUNPATH_SEARCH_PATHS = (
					"$(inherited)",
					"@executable_path/Frameworks",
				);
				MARKETING_VERSION = 1.0;
				PRODUCT_BUNDLE_IDENTIFIER = com.internalDev.NotifyCharacteristicsBLEChange;
				PRODUCT_NAME = "$(TARGET_NAME)";
				SWIFT_EMIT_LOC_STRINGS = YES;
				SWIFT_VERSION = 5.0;
				TARGETED_DEVICE_FAMILY = "1,2";
			};
			name = Debug;
		};
		6B0C900B28DC7B48005F4EFF /* Release */ = {
			isa = XCBuildConfiguration;
			buildSettings = {
				ASSETCATALOG_COMPILER_APPICON_NAME = AppIcon;
				ASSETCATALOG_COMPILER_GLOBAL_ACCENT_COLOR_NAME = AccentColor;
				CODE_SIGN_ENTITLEMENTS = NotifyCharacteristicsBLEChange/NotifyCharacteristicsBLEChange.entitlements;
				CODE_SIGN_STYLE = Automatic;
				CURRENT_PROJECT_VERSION = 1;
				DEVELOPMENT_TEAM = ZG6975UKG7;
				FRAMEWORK_SEARCH_PATHS = (
					"$(inherited)",
					"$(PROJECT_DIR)",
				);
				GENERATE_INFOPLIST_FILE = YES;
				INFOPLIST_FILE = NotifyCharacteristicsBLEChange/Resources/Info.plist;
				INFOPLIST_KEY_UIApplicationSupportsIndirectInputEvents = YES;
				INFOPLIST_KEY_UILaunchStoryboardName = LaunchScreen.storyboard;
				INFOPLIST_KEY_UISupportedInterfaceOrientations = UIInterfaceOrientationPortrait;
				IPHONEOS_DEPLOYMENT_TARGET = 15.0;
				LD_RUNPATH_SEARCH_PATHS = (
					"$(inherited)",
					"@executable_path/Frameworks",
				);
				MARKETING_VERSION = 1.0;
				PRODUCT_BUNDLE_IDENTIFIER = com.internalDev.NotifyCharacteristicsBLEChange;
				PRODUCT_NAME = "$(TARGET_NAME)";
				SWIFT_EMIT_LOC_STRINGS = YES;
				SWIFT_VERSION = 5.0;
				TARGETED_DEVICE_FAMILY = "1,2";
			};
			name = Release;
		};
/* End XCBuildConfiguration section */

/* Begin XCConfigurationList section */
		6B0C8FF028DC7B44005F4EFF /* Build configuration list for PBXProject "NotifyCharacteristicsBLEChange" */ = {
			isa = XCConfigurationList;
			buildConfigurations = (
				6B0C900728DC7B48005F4EFF /* Debug */,
				6B0C900828DC7B48005F4EFF /* Release */,
			);
			defaultConfigurationIsVisible = 0;
			defaultConfigurationName = Release;
		};
		6B0C900928DC7B48005F4EFF /* Build configuration list for PBXNativeTarget "NotifyCharacteristicsBLEChange" */ = {
			isa = XCConfigurationList;
			buildConfigurations = (
				6B0C900A28DC7B48005F4EFF /* Debug */,
				6B0C900B28DC7B48005F4EFF /* Release */,
			);
			defaultConfigurationIsVisible = 0;
			defaultConfigurationName = Release;
		};
/* End XCConfigurationList section */
	};
	rootObject = 6B0C8FED28DC7B44005F4EFF /* Project object */;
}
